github.com/bradfitz/gomemcache v0.0.0-20180710155616-bc664df96737 h1:rRISKWyXfVxvoa702s91Zl5oREZTrR3yv+tXrrX7G/g=
github.com/bradfitz/gomemcache v0.0.0-20180710155616-bc664df96737/go.mod h1:PmM6Mmwb0LSuEubjR8N7PtNe1KxZLtOUHtbeikc5h60=
github.com/ekyoung/gin-nice-recovery v0.0.0-20160510022553-1654dca486db h1:oZ4U9IqO8NS+61OmGTBi8vopzqTRxwQeogyBHdrhjbc=
github.com/ekyoung/gin-nice-recovery v0.0.0-20160510022553-1654dca486db/go.mod h1:Pk7/9x6tyChFTkahDvLBQMlvdsWvfC+yU8HTT5VD314=
github.com/elazarl/go-bindata-assetfs v1.0.1-0.20180223160309-38087fe4dafb h1:Dnxl6iOR/3QQRcCBDEOCpusGgsx7uDS+Pa/InwqCFfw=
github.com/elazarl/go-bindata-assetfs v1.0.1-0.20180223160309-38087fe4dafb/go.mod h1:v+YaWX3bdea5J/mo8dSETolEo7R71Vk1u8bnjau5yw4=
github.com/gin-contrib/cache v0.0.0-20180914071829-eaa086c1f829 h1:3DIDSX9UIf6CS9nof+mAPfSBb0E0HAMpBv7OJ/Rb99g=
github.com/gin-contrib/cache v0.0.0-20180914071829-eaa086c1f829/go.mod h1:hdck5dRJn0MUwyFOa+Lk2QcBa8MR7VbJ6WerVEUkXnk=
github.com/gin-contrib/gzip v0.0.0-20180827025821-1c01330167a8 h1:AKWxItA8hSxKr2wNk5rPTHiMLKQamnPZL60ykA9qPMw=
github.com/gin-contrib/gzip v0.0.0-20180827025821-1c01330167a8/go.mod h1:Xp4LajbnAl27NCdps5OWT+HTKYKWScmzTCli8Kjs7LE=
github.com/gin-contrib/multitemplate v0.0.0-20180827023943-5799bbbb6dce h1:KqeVCdb+M2iwyF6GzdYxTazfE1cE+133RXuGaZ5Sc1E=
github.com/gin-contrib/multitemplate v0.0.0-20180827023943-5799bbbb6dce/go.mod h1:62qM8p4crGvNKE413gTzn4eMFin1VOJfMDWMRzHdvqM=
github.com/gin-contrib/sse v0.0.0-20170109093832-22d885f9ecc7 h1:AzN37oI0cOS+cougNAV9szl6CVoj2RYwzS3DpUQNtlY=
github.com/gin-contrib/sse v0.0.0-20170109093832-22d885f9ecc7/go.mod h1:VJ0WA2NBN22VlZ2dKZQPAPnyWw5XTlK1KymzLKsr59s=
github.com/gin-gonic/gin v1.3.0 h1:kCmZyPklC0gVdL728E6Aj20uYBJV93nj/TkwBTKhFbs=
github.com/gin-gonic/gin v1.3.0/go.mod h1:7cKuhb5qV2ggCFctp2fJQ+ErvciLZrIeoOSOm6mUr7Y=
github.com/go-errors/errors v1.0.1 h1:LUHzmkK3GUKUrL/1gfBUxAHzcev3apQlezX/+O7ma6w=
github.com/go-errors/errors v1.0.1/go.mod h1:f4zRHt4oKfwPJE5k8C9vpYG+aDHdBFUsgrm6/TyX73Q=
github.com/golang/freetype v0.0.0-20170609003504-e2365dfdc4a0 h1:DACJavvAHhabrF08vX0COfcOBJRhZ8lUbR+ZWIs0Y5g=
github.com/golang/freetype v0.0.0-20170609003504-e2365dfdc4a0/go.mod h1:E/TSTwGwJL78qG/PmXZO1EjYhfJinVAhrmmHX6Z8B9k=
github.com/golang/protobuf v1.2.0 h1:P3YflyNX/ehuJFLhxviNdFxQPkGK5cDcApsge1SqnvM=
github.com/golang/protobuf v1.2.0/go.mod h1:6lQm79b+lXiMfvg/cZm0SGofjICqVBUtrP5yJMmIC1U=
github.com/gomodule/redigo v2.0.0+incompatible h1:K/R+8tc58AaqLkqG2Ol3Qk+DR/TlNuhuh457pBFPtt0=
github.com/gomodule/redigo v2.0.0+incompatible/go.mod h1:B4C85qUVwatsJoIUNIfCRsp7qO0iAmpGFZ4EELWSbC4=
github.com/hashworks/hashworksNET v0.0.0-20180914204640-1ad53de07ad0 h1:ilSri/oURWwLEHYjEVC++sDqmdxiRW5fbO2ZNVwV6KY=
github.com/hashworks/hashworksNET v0.0.0-20180914204640-1ad53de07ad0/go.mod h1:RhiF12SWnCpZjKiZKOGWh43FrDOBwIoFBfYuE1O/gH4=
github.com/influxdata/influxdb v1.6.3 h1:TioHM/BpNNH25J89jnL2tk45ww8e2CF+3Q/ih0CMw1I=
github.com/influxdata/influxdb v1.6.3/go.mod h1:qZna6X/4elxqT3yI9iZYdZrWWdeFOOprn86kgg4+IzY=
github.com/mattn/go-isatty v0.0.4 h1:bnP0vzxcAdeI1zdubAl5PjU6zsERjGZb7raWodagDYs=
github.com/mattn/go-isatty v0.0.4/go.mod h1:M+lRXTBqGeGNdLjl/ufCoiOlB5xdOkqRJdNxMWT7Zi4=
github.com/memcachier/mc v2.0.1+incompatible h1:s8EDz0xrJLP8goitwZOoq1vA/sm0fPS4X3KAF0nyhWQ=
github.com/memcachier/mc v2.0.1+incompatible/go.mod h1:7bkvFE61leUBvXz+yxsOnGBQSZpBSPIMUQSmmSHvuXc=
github.com/robfig/go-cache v0.0.0-20130306151617-9fc39e0dbf62 h1:pyecQtsPmlkCsMkYhT5iZ+sUXuwee+OvfuJjinEA3ko=
github.com/robfig/go-cache v0.0.0-20130306151617-9fc39e0dbf62/go.mod h1:65XQgovT59RWatovFwnwocoUxiI/eENTnOY5GK3STuY=
github.com/ugorji/go/codec v0.0.0-20180831062425-e253f1f20942 h1:CZORS/4d6i+5FKSAtbRIjlElV2BAFYv/bokcaEVUimQ=
github.com/ugorji/go/codec v0.0.0-20180831062425-e253f1f20942/go.mod h1:VFNgLljTbGfSG7qAOspJ7OScBnGdDN/yBr0sguwnwf0=
github.com/unrolled/secure v0.0.0-20180914162101-439d7b25425f h1:GPk4xSnRmy5EK4cMsv8SW+sSn6ey46zASD1J9+eo+k4=
github.com/unrolled/secure v0.0.0-20180914162101-439d7b25425f/go.mod h1:mnPT77IAdsi/kV7+Es7y+pXALeV3h7G6dQF6mNYjcLA=
github.com/wcharczuk/go-chart v2.0.2-0.20180910201446-872b97b99f76+incompatible h1:iChVDB/sQFJ8th/nkQtooMDMCNStmUL8UlNhNDbMkok=
github.com/wcharczuk/go-chart v2.0.2-0.20180910201446-872b97b99f76+incompatible/go.mod h1:PF5tmL4EIx/7Wf+hEkpCqYi5He4u90sw+0+6FhrryuE=
golang.org/x/crypto v0.0.0-20180910181607-0e37d006457b h1:2b9XGzhjiYsYPnKXoEfL7klWZQIt8IfyRCz62gCqqlQ=
golang.org/x/crypto v0.0.0-20180910181607-0e37d006457b/go.mod h1:6SG95UA2DQfeDnfUPMdvaQW0Q7yPrPDi9nlGo2tz2b4=
golang.org/x/image v0.0.0-20180708004352-c73c2afc3b81 h1:00VmoueYNlNz/aHIilyyQz/MHSqGoWJzpFv/HW8xpzI=
golang.org/x/image v0.0.0-20180708004352-c73c2afc3b81/go.mod h1:ux5Hcp/YLpHSI86hEcLt0YII63i6oz57MZXIpbrjZUs=
gopkg.in/check.v1 v0.0.0-20161208181325-20d25e280405/go.mod h1:Co6ibVJAznAaIkqp8huTwlJQCZ016jof/cbN4VW5Yz0=
gopkg.in/go-playground/validator.v8 v8.18.2 h1:lFB4DoMU6B626w8ny76MV7VX6W2VHct2GVOI3xgiMrQ=
gopkg.in/go-playground/validator.v8 v8.18.2/go.mod h1:RX2a/7Ha8BgOhfk7j780h4/u/RRjR0eouCJSH80/M2Y=
gopkg.in/yaml.v2 v2.2.1 h1:mUhvW9EsL+naU5Q3cakzfE91YhliOondGd6ZrsDBHQE=
gopkg.in/yaml.v2 v2.2.1/go.mod h1:hI93XBmqTisBFMUTm0b8Fm+jr3Dg1NNxqwp+5A1VGuI=
